PODS:
  - Alamofire (4.8.1)
  - HideShowPasswordTextField (0.3)
  - SwiftyJSON (4.0.0)

DEPENDENCIES:
  - Alamofire (~> 4.7)
  - HideShowPasswordTextField (from `https://github.com/Guidebook/HideShowPasswordTextField`)
  - SwiftyJSON (~> 4.0.0)

SPEC REPOS:
  https://github.com/cocoapods/specs.git:
    - Alamofire
    - SwiftyJSON

EXTERNAL SOURCES:
  HideShowPasswordTextField:
    :git: https://github.com/Guidebook/HideShowPasswordTextField

CHECKOUT OPTIONS:
  HideShowPasswordTextField:
    :commit: 7203fdc9eaff6bb116b39faa40f0208654adbc1c
    :git: https://github.com/Guidebook/HideShowPasswordTextField

SPEC CHECKSUMS:
  Alamofire: 16ce2c353fb72865124ddae8a57c5942388f4f11
  HideShowPasswordTextField: 9426177a6b6498a6084e29ad65bba7d1157951b7
  SwiftyJSON: 070dabdcb1beb81b247c65ffa3a79dbbfb3b48aa

PODFILE CHECKSUM: 272f637d4f51cf20db5c9c7d6082a29d769d7d63

COCOAPODS: 1.6.0
